
Microsoft Visual Studio Solution File, Format Version 12.00
# Visual Studio Version 16
VisualStudioVersion = 16.0.30717.126
MinimumVisualStudioVersion = 10.0.40219.1
Project("{8BC9CEB8-8B4A-11D0-8D11-00A0C91BC942}") = "Thehangmangame", "Thehangmangame.vcxproj", "{59366420-FF6F-4DB8-8940-AB4E86511387}"
EndProject
Global
	GlobalSection(SolutionConfigurationPlatforms) = preSolution
		Debug|x64 = Debug|x64
		Debug|x86 = Debug|x86
		Release|x64 = Release|x64
		Release|x86 = Release|x86
	EndGlobalSection
	GlobalSection(ProjectConfigurationPlatforms) = postSolution
		{59366420-FF6F-4DB8-8940-AB4E86511387}.Debug|x64.ActiveCfg = Debug|x64
		{59366420-FF6F-4DB8-8940-AB4E86511387}.Debug|x64.Build.0 = Debug|x64
		{59366420-FF6F-4DB8-8940-AB4E86511387}.Debug|x86.ActiveCfg = Debug|Win32
		{59366420-FF6F-4DB8-8940-AB4E86511387}.Debug|x86.Build.0 = Debug|Win32
		{59366420-FF6F-4DB8-8940-AB4E86511387}.Release|x64.ActiveCfg = Release|x64
		{59366420-FF6F-4DB8-8940-AB4E86511387}.Release|x64.Build.0 = Release|x64
		{59366420-FF6F-4DB8-8940-AB4E86511387}.Release|x86.ActiveCfg = Release|Win32
		{59366420-FF6F-4DB8-8940-AB4E86511387}.Release|x86.Build.0 = Release|Win32
	EndGlobalSection
	GlobalSection(SolutionProperties) = preSolution
		HideSolutionNode = FALSE
	EndGlobalSection
	GlobalSection(ExtensibilityGlobals) = postSolution
		SolutionGuid = {E9DBA353-496A-4D8F-96C6-304EDA012248}
	EndGlobalSection
EndGlobal
